Microsoft Visual Studio Solution File, Format Version 12.00
# Visual Studio Version 17
VisualStudioVersion = 17.5.2.0
MinimumVisualStudioVersion = 10.0.40219.1
Project("{FAE04EC0-301F-11D3-BF4B-00C04F79EFBC}") = "Application", "Application.csproj", "{85C56DBC-6BE1-4AE7-4C3B-BA233C20DCE3}"
EndProject
Project("{FAE04EC0-301F-11D3-BF4B-00C04F79EFBC}") = "Domain", "Domain.csproj", "{2542991B-517C-D793-B55D-A8766344C1D2}"
EndProject
Project("{FAE04EC0-301F-11D3-BF4B-00C04F79EFBC}") = "Infrastructure", "Infrastructure.csproj", "{C31BC1BF-27A4-486C-A518-E1D170C0C737}"
EndProject
Project("{FAE04EC0-301F-11D3-BF4B-00C04F79EFBC}") = "Presentation", "Presentation.csproj", "{D7DE3AC2-4A70-930A-B1A6-991E6A3D1009}"
EndProject
Project("{FAE04EC0-301F-11D3-BF4B-00C04F79EFBC}") = "PresentationNew", "PresentationNew.csproj", "{6025F0BD-8AAF-4D9A-5661-DAF3F30181DC}"
EndProject
Project("{2150E333-8FDC-42A3-9474-1A3956D46DE8}") = "NewFolder1", "NewFolder1", "{60585EC0-77AC-A907-F975-385A6DECCD5D}"
EndProject
Global
	GlobalSection(SolutionConfigurationPlatforms) = preSolution
		Debug|Any CPU = Debug|Any CPU
		Release|Any CPU = Release|Any CPU
	EndGlobalSection
	GlobalSection(ProjectConfigurationPlatforms) = postSolution
		{85C56DBC-6BE1-4AE7-4C3B-BA233C20DCE3}.Debug|Any CPU.ActiveCfg = Debug|Any CPU
		{85C56DBC-6BE1-4AE7-4C3B-BA233C20DCE3}.Debug|Any CPU.Build.0 = Debug|Any CPU
		{85C56DBC-6BE1-4AE7-4C3B-BA233C20DCE3}.Release|Any CPU.ActiveCfg = Release|Any CPU
		{85C56DBC-6BE1-4AE7-4C3B-BA233C20DCE3}.Release|Any CPU.Build.0 = Release|Any CPU
		{2542991B-517C-D793-B55D-A8766344C1D2}.Debug|Any CPU.ActiveCfg = Debug|Any CPU
		{2542991B-517C-D793-B55D-A8766344C1D2}.Debug|Any CPU.Build.0 = Debug|Any CPU
		{2542991B-517C-D793-B55D-A8766344C1D2}.Release|Any CPU.ActiveCfg = Release|Any CPU
		{2542991B-517C-D793-B55D-A8766344C1D2}.Release|Any CPU.Build.0 = Release|Any CPU
		{C31BC1BF-27A4-486C-A518-E1D170C0C737}.Debug|Any CPU.ActiveCfg = Debug|Any CPU
		{C31BC1BF-27A4-486C-A518-E1D170C0C737}.Debug|Any CPU.Build.0 = Debug|Any CPU
		{C31BC1BF-27A4-486C-A518-E1D170C0C737}.Release|Any CPU.ActiveCfg = Release|Any CPU
		{C31BC1BF-27A4-486C-A518-E1D170C0C737}.Release|Any CPU.Build.0 = Release|Any CPU
		{D7DE3AC2-4A70-930A-B1A6-991E6A3D1009}.Debug|Any CPU.ActiveCfg = Debug|Any CPU
		{D7DE3AC2-4A70-930A-B1A6-991E6A3D1009}.Debug|Any CPU.Build.0 = Debug|Any CPU
		{D7DE3AC2-4A70-930A-B1A6-991E6A3D1009}.Release|Any CPU.ActiveCfg = Release|Any CPU
		{D7DE3AC2-4A70-930A-B1A6-991E6A3D1009}.Release|Any CPU.Build.0 = Release|Any CPU
		{6025F0BD-8AAF-4D9A-5661-DAF3F30181DC}.Debug|Any CPU.ActiveCfg = Debug|Any CPU
		{6025F0BD-8AAF-4D9A-5661-DAF3F30181DC}.Debug|Any CPU.Build.0 = Debug|Any CPU
		{6025F0BD-8AAF-4D9A-5661-DAF3F30181DC}.Release|Any CPU.ActiveCfg = Release|Any CPU
		{6025F0BD-8AAF-4D9A-5661-DAF3F30181DC}.Release|Any CPU.Build.0 = Release|Any CPU
	EndGlobalSection
	GlobalSection(SolutionProperties) = preSolution
		HideSolutionNode = FALSE
	EndGlobalSection
	GlobalSection(ExtensibilityGlobals) = postSolution
		SolutionGuid = {8E842289-DA46-4A9B-B34B-5AB01C24795F}
	EndGlobalSection
EndGlobal
